{
  "object": {
    "pins": [
      {
        "package": "JavaScriptKit",
        "repositoryURL": "https://github.com/swiftwasm/JavaScriptKit.git",
        "state": {
          "branch": null,
          "revision": "a129f62171bf3610633313c2db6acdca41cdb195",
          "version": "0.16.0"
        }
      },
      {
        "package": "OpenCombine",
        "repositoryURL": "https://github.com/OpenCombine/OpenCombine",
        "state": {
          "branch": null,
          "revision": "9cf67e363738dbab61b47fb5eaed78d3db31e5ee",
          "version": "0.13.0"
        }
      },
      {
        "package": "OpenCombineJS",
        "repositoryURL": "https://github.com/swiftwasm/OpenCombineJS.git",
        "state": {
          "branch": null,
          "revision": "e574e418ba468ff5c2d4c499eb56f108aeb4d2ba",
          "version": "0.2.0"
        }
      },
      {
        "package": "swift-argument-parser",
        "repositoryURL": "https://github.com/apple/swift-argument-parser",
        "state": {
          "branch": null,
          "revision": "9f39744e025c7d377987f30b03770805dcb0bcd1",
          "version": "1.1.4"
        }
      },
      {
        "package": "Benchmark",
        "repositoryURL": "https://github.com/google/swift-benchmark",
        "state": {
          "branch": null,
          "revision": "8163295f6fe82356b0bcf8e1ab991645de17d096",
          "version": "0.1.2"
        }
      },
      {
        "package": "swift-case-paths",
        "repositoryURL": "https://github.com/pointfreeco/swift-case-paths",
        "state": {
          "branch": null,
          "revision": "a09839348486db8866f85a727b8550be1d671c50",
          "version": "0.9.1"
        }
      },
      {
        "package": "swift-custom-dump",
        "repositoryURL": "https://github.com/inamiy/swift-custom-dump",
        "state": {
          "branch": "SwiftWasm-inamiy",
          "revision": "6cfe90c7cd88ec14748f504599419c037a5ecb30",
          "version": null
        }
      },
      {
        "package": "Tokamak",
        "repositoryURL": "https://github.com/TokamakUI/Tokamak",
        "state": {
          "branch": null,
          "revision": "5b7e7058e8e6d3679b9da84bbe0b0e1abe21b751",
          "version": "0.10.1"
        }
      },
      {
        "package": "xctest-dynamic-overlay",
        "repositoryURL": "https://github.com/inamiy/xctest-dynamic-overlay",
        "state": {
          "branch": "SwiftWasm",
          "revision": "aa4a04480ec442a54ef3ad5cd9e2d07f561540d2",
          "version": null
        }
      }
    ]
  },
  "version": 1
}
